
Microsoft Visual Studio Solution File, Format Version 12.00
# Visual Studio 15
VisualStudioVersion = 15.0.28307.572
MinimumVisualStudioVersion = 10.0.40219.1
Project("{FAE04EC0-301F-11D3-BF4B-00C04F79EFBC}") = "DesidnMaterialsExperements", "DesidnMaterialsExperements\DesidnMaterialsExperements.csproj", "{CE604C59-BC8E-4201-A6BE-FDA560CA1C22}"
EndProject
Global
	GlobalSection(SolutionConfigurationPlatforms) = preSolution
		Debug|Any CPU = Debug|Any CPU
		Release|Any CPU = Release|Any CPU
	EndGlobalSection
	GlobalSection(ProjectConfigurationPlatforms) = postSolution
		{CE604C59-BC8E-4201-A6BE-FDA560CA1C22}.Debug|Any CPU.ActiveCfg = Debug|Any CPU
		{CE604C59-BC8E-4201-A6BE-FDA560CA1C22}.Debug|Any CPU.Build.0 = Debug|Any CPU
		{CE604C59-BC8E-4201-A6BE-FDA560CA1C22}.Release|Any CPU.ActiveCfg = Release|Any CPU
		{CE604C59-BC8E-4201-A6BE-FDA560CA1C22}.Release|Any CPU.Build.0 = Release|Any CPU
	EndGlobalSection
	GlobalSection(SolutionProperties) = preSolution
		HideSolutionNode = FALSE
	EndGlobalSection
	GlobalSection(ExtensibilityGlobals) = postSolution
		SolutionGuid = {79C252F3-6659-4A4C-BE23-D8D2973B5F50}
	EndGlobalSection
EndGlobal
